// !$*UTF8*$!
{
	archiveVersion = 1;
	classes = {
	};
	objectVersion = 55;
	objects = {

/* Begin PBXBuildFile section */
		D0C4F9572847960F00B48C5C /* todolistApp.swift in Sources */ = {isa = PBXBuildFile; fileRef = D0C4F9562847960F00B48C5C /* todolistApp.swift */; };
		D0C4F9592847960F00B48C5C /* ContentView.swift in Sources */ = {isa = PBXBuildFile; fileRef = D0C4F9582847960F00B48C5C /* ContentView.swift */; };
		D0C4F95B2847961300B48C5C /* Assets.xcassets in Resources */ = {isa = PBXBuildFile; fileRef = D0C4F95A2847961300B48C5C /* Assets.xcassets */; };
		D0C4F95E2847961300B48C5C /* Preview Assets.xcassets in Resources */ = {isa = PBXBuildFile; fileRef = D0C4F95D2847961300B48C5C /* Preview Assets.xcassets */; };
		D0C4F9652847965100B48C5C /* TasksView.swift in Sources */ = {isa = PBXBuildFile; fileRef = D0C4F9642847965100B48C5C /* TasksView.swift */; };
		D0C4F9682847A5CA00B48C5C /* TaskRow.swift in Sources */ = {isa = PBXBuildFile; fileRef = D0C4F9672847A5CA00B48C5C /* TaskRow.swift */; };
		D0C4F96A2847C3F000B48C5C /* AddTaskView.swift in Sources */ = {isa = PBXBuildFile; fileRef = D0C4F9692847C3F000B48C5C /* AddTaskView.swift */; };
		D0C4F96C2847C92C00B48C5C /* SmallAddButton.swift in Sources */ = {isa = PBXBuildFile; fileRef = D0C4F96B2847C92C00B48C5C /* SmallAddButton.swift */; };
		D0C4F96F2847D0AE00B48C5C /* Realm in Frameworks */ = {isa = PBXBuildFile; productRef = D0C4F96E2847D0AE00B48C5C /* Realm */; };
		D0C4F9712847D0AE00B48C5C /* RealmSwift in Frameworks */ = {isa = PBXBuildFile; productRef = D0C4F9702847D0AE00B48C5C /* RealmSwift */; };
		D0C4F9742847D11000B48C5C /* RealmManager.swift in Sources */ = {isa = PBXBuildFile; fileRef = D0C4F9732847D11000B48C5C /* RealmManager.swift */; };
		D0C4F9762847D24300B48C5C /* Task.swift in Sources */ = {isa = PBXBuildFile; fileRef = D0C4F9752847D24300B48C5C /* Task.swift */; };
/* End PBXBuildFile section */

/* Begin PBXFileReference section */
		D0C4F9532847960F00B48C5C /* todolist.app */ = {isa = PBXFileReference; explicitFileType = wrapper.application; includeInIndex = 0; path = todolist.app; sourceTree = BUILT_PRODUCTS_DIR; };
		D0C4F9562847960F00B48C5C /* todolistApp.swift */ = {isa = PBXFileReference; lastKnownFileType = sourcecode.swift; path = todolistApp.swift; sourceTree = "<group>"; };
		D0C4F9582847960F00B48C5C /* ContentView.swift */ = {isa = PBXFileReference; lastKnownFileType = sourcecode.swift; path = ContentView.swift; sourceTree = "<group>"; };
		D0C4F95A2847961300B48C5C /* Assets.xcassets */ = {isa = PBXFileReference; lastKnownFileType = folder.assetcatalog; path = Assets.xcassets; sourceTree = "<group>"; };
		D0C4F95D2847961300B48C5C /* Preview Assets.xcassets */ = {isa = PBXFileReference; lastKnownFileType = folder.assetcatalog; path = "Preview Assets.xcassets"; sourceTree = "<group>"; };
		D0C4F9642847965100B48C5C /* TasksView.swift */ = {isa = PBXFileReference; lastKnownFileType = sourcecode.swift; path = TasksView.swift; sourceTree = "<group>"; };
		D0C4F9672847A5CA00B48C5C /* TaskRow.swift */ = {isa = PBXFileReference; lastKnownFileType = sourcecode.swift; path = TaskRow.swift; sourceTree = "<group>"; };
		D0C4F9692847C3F000B48C5C /* AddTaskView.swift */ = {isa = PBXFileReference; lastKnownFileType = sourcecode.swift; path = AddTaskView.swift; sourceTree = "<group>"; };
		D0C4F96B2847C92C00B48C5C /* SmallAddButton.swift */ = {isa = PBXFileReference; lastKnownFileType = sourcecode.swift; path = SmallAddButton.swift; sourceTree = "<group>"; };
		D0C4F9732847D11000B48C5C /* RealmManager.swift */ = {isa = PBXFileReference; lastKnownFileType = sourcecode.swift; path = RealmManager.swift; sourceTree = "<group>"; };
		D0C4F9752847D24300B48C5C /* Task.swift */ = {isa = PBXFileReference; lastKnownFileType = sourcecode.swift; path = Task.swift; sourceTree = "<group>"; };
/* End PBXFileReference section */

/* Begin PBXFrameworksBuildPhase section */
		D0C4F9502847960F00B48C5C /* Frameworks */ = {
			isa = PBXFrameworksBuildPhase;
			buildActionMask = 2147483647;
			files = (
				D0C4F9712847D0AE00B48C5C /* RealmSwift in Frameworks */,
				D0C4F96F2847D0AE00B48C5C /* Realm in Frameworks */,
			);
			runOnlyForDeploymentPostprocessing = 0;
		};
/* End PBXFrameworksBuildPhase section */

/* Begin PBXGroup section */
		D0C4F94A2847960F00B48C5C = {
			isa = PBXGroup;
			children = (
				D0C4F9552847960F00B48C5C /* todolist */,
				D0C4F9542847960F00B48C5C /* Products */,
			);
			sourceTree = "<group>";
		};
		D0C4F9542847960F00B48C5C /* Products */ = {
			isa = PBXGroup;
			children = (
				D0C4F9532847960F00B48C5C /* todolist.app */,
			);
			name = Products;
			sourceTree = "<group>";
		};
		D0C4F9552847960F00B48C5C /* todolist */ = {
			isa = PBXGroup;
			children = (
				D0C4F9562847960F00B48C5C /* todolistApp.swift */,
				D0C4F9662847966000B48C5C /* Views */,
				D0C4F9722847D0C200B48C5C /* Components */,
				D0C4F95A2847961300B48C5C /* Assets.xcassets */,
				D0C4F95C2847961300B48C5C /* Preview Content */,
				D0C4F9732847D11000B48C5C /* RealmManager.swift */,
				D0C4F9752847D24300B48C5C /* Task.swift */,
			);
			path = todolist;
			sourceTree = "<group>";
		};
		D0C4F95C2847961300B48C5C /* Preview Content */ = {
			isa = PBXGroup;
			children = (
				D0C4F95D2847961300B48C5C /* Preview Assets.xcassets */,
			);
			path = "Preview Content";
			sourceTree = "<group>";
		};
		D0C4F9662847966000B48C5C /* Views */ = {
			isa = PBXGroup;
			children = (
				D0C4F9582847960F00B48C5C /* ContentView.swift */,
				D0C4F9642847965100B48C5C /* TasksView.swift */,
				D0C4F9692847C3F000B48C5C /* AddTaskView.swift */,
			);
			path = Views;
			sourceTree = "<group>";
		};
		D0C4F9722847D0C200B48C5C /* Components */ = {
			isa = PBXGroup;
			children = (
				D0C4F9672847A5CA00B48C5C /* TaskRow.swift */,
				D0C4F96B2847C92C00B48C5C /* SmallAddButton.swift */,
			);
			path = Components;
			sourceTree = "<group>";
		};
/* End PBXGroup section */

/* Begin PBXNativeTarget section */
		D0C4F9522847960F00B48C5C /* todolist */ = {
			isa = PBXNativeTarget;
			buildConfigurationList = D0C4F9612847961300B48C5C /* Build configuration list for PBXNativeTarget "todolist" */;
			buildPhases = (
				D0C4F94F2847960F00B48C5C /* Sources */,
				D0C4F9502847960F00B48C5C /* Frameworks */,
				D0C4F9512847960F00B48C5C /* Resources */,
			);
			buildRules = (
			);
			dependencies = (
			);
			name = todolist;
			packageProductDependencies = (
				D0C4F96E2847D0AE00B48C5C /* Realm */,
				D0C4F9702847D0AE00B48C5C /* RealmSwift */,
			);
			productName = todolist;
			productReference = D0C4F9532847960F00B48C5C /* todolist.app */;
			productType = "com.apple.product-type.application";
		};
/* End PBXNativeTarget section */

/* Begin PBXProject section */
		D0C4F94B2847960F00B48C5C /* Project object */ = {
			isa = PBXProject;
			attributes = {
				BuildIndependentTargetsInParallel = 1;
				LastSwiftUpdateCheck = 1330;
				LastUpgradeCheck = 1330;
				TargetAttributes = {
					D0C4F9522847960F00B48C5C = {
						CreatedOnToolsVersion = 13.3.1;
					};
				};
			};
			buildConfigurationList = D0C4F94E2847960F00B48C5C /* Build configuration list for PBXProject "todolist" */;
			compatibilityVersion = "Xcode 13.0";
			developmentRegion = en;
			hasScannedForEncodings = 0;
			knownRegions = (
				en,
				Base,
			);
			mainGroup = D0C4F94A2847960F00B48C5C;
			packageReferences = (
				D0C4F96D2847D0AE00B48C5C /* XCRemoteSwiftPackageReference "realm-swift" */,
			);
			productRefGroup = D0C4F9542847960F00B48C5C /* Products */;
			projectDirPath = "";
			projectRoot = "";
			targets = (
				D0C4F9522847960F00B48C5C /* todolist */,
			);
		};
/* End PBXProject section */

/* Begin PBXResourcesBuildPhase section */
		D0C4F9512847960F00B48C5C /* Resources */ = {
			isa = PBXResourcesBuildPhase;
			buildActionMask = 2147483647;
			files = (
				D0C4F95E2847961300B48C5C /* Preview Assets.xcassets in Resources */,
				D0C4F95B2847961300B48C5C /* Assets.xcassets in Resources */,
			);
			runOnlyForDeploymentPostprocessing = 0;
		};
/* End PBXResourcesBuildPhase section */

/* Begin PBXSourcesBuildPhase section */
		D0C4F94F2847960F00B48C5C /* Sources */ = {
			isa = PBXSourcesBuildPhase;
			buildActionMask = 2147483647;
			files = (
				D0C4F9762847D24300B48C5C /* Task.swift in Sources */,
				D0C4F9592847960F00B48C5C /* ContentView.swift in Sources */,
				D0C4F96A2847C3F000B48C5C /* AddTaskView.swift in Sources */,
				D0C4F9652847965100B48C5C /* TasksView.swift in Sources */,
				D0C4F96C2847C92C00B48C5C /* SmallAddButton.swift in Sources */,
				D0C4F9572847960F00B48C5C /* todolistApp.swift in Sources */,
				D0C4F9742847D11000B48C5C /* RealmManager.swift in Sources */,
				D0C4F9682847A5CA00B48C5C /* TaskRow.swift in Sources */,
			);
			runOnlyForDeploymentPostprocessing = 0;
		};
/* End PBXSourcesBuildPhase section */

/* Begin XCBuildConfiguration section */
		D0C4F95F2847961300B48C5C /* Debug */ = {
			isa = XCBuildConfiguration;
			buildSettings = {
				ALWAYS_SEARCH_USER_PATHS = NO;
				CLANG_ANALYZER_NONNULL = YES;
				CLANG_ANALYZER_NUMBER_OBJECT_CONVERSION = YES_AGGRESSIVE;
				CLANG_CXX_LANGUAGE_STANDARD = "gnu++17";
				CLANG_ENABLE_MODULES = YES;
				CLANG_ENABLE_OBJC_ARC = YES;
				CLANG_ENABLE_OBJC_WEAK = YES;
				CLANG_WARN_BLOCK_CAPTURE_AUTORELEASING = YES;
				CLANG_WARN_BOOL_CONVERSION = YES;
				CLANG_WARN_COMMA = YES;
				CLANG_WARN_CONSTANT_CONVERSION = YES;
				CLANG_WARN_DEPRECATED_OBJC_IMPLEMENTATIONS = YES;
				CLANG_WARN_DIRECT_OBJC_ISA_USAGE = YES_ERROR;
				CLANG_WARN_DOCUMENTATION_COMMENTS = YES;
				CLANG_WARN_EMPTY_BODY = YES;
				CLANG_WARN_ENUM_CONVERSION = YES;
				CLANG_WARN_INFINITE_RECURSION = YES;
				CLANG_WARN_INT_CONVERSION = YES;
				CLANG_WARN_NON_LITERAL_NULL_CONVERSION = YES;
				CLANG_WARN_OBJC_IMPLICIT_RETAIN_SELF = YES;
				CLANG_WARN_OBJC_LITERAL_CONVERSION = YES;
				CLANG_WARN_OBJC_ROOT_CLASS = YES_ERROR;
				CLANG_WARN_QUOTED_INCLUDE_IN_FRAMEWORK_HEADER = YES;
				CLANG_WARN_RANGE_LOOP_ANALYSIS = YES;
				CLANG_WARN_STRICT_PROTOTYPES = YES;
				CLANG_WARN_SUSPICIOUS_MOVE = YES;
				CLANG_WARN_UNGUARDED_AVAILABILITY = YES_AGGRESSIVE;
				CLANG_WARN_UNREACHABLE_CODE = YES;
				CLANG_WARN__DUPLICATE_METHOD_MATCH = YES;
				COPY_PHASE_STRIP = NO;
				DEBUG_INFORMATION_FORMAT = dwarf;
				ENABLE_STRICT_OBJC_MSGSEND = YES;
				ENABLE_TESTABILITY = YES;
				GCC_C_LANGUAGE_STANDARD = gnu11;
				GCC_DYNAMIC_NO_PIC = NO;
				GCC_NO_COMMON_BLOCKS = YES;
				GCC_OPTIMIZATION_LEVEL = 0;
				GCC_PREPROCESSOR_DEFINITIONS = (
					"DEBUG=1",
					"$(inherited)",
				);
				GCC_WARN_64_TO_32_BIT_CONVERSION = YES;
				GCC_WARN_ABOUT_RETURN_TYPE = YES_ERROR;
				GCC_WARN_UNDECLARED_SELECTOR = YES;
				GCC_WARN_UNINITIALIZED_AUTOS = YES_AGGRESSIVE;
				GCC_WARN_UNUSED_FUNCTION = YES;
				GCC_WARN_UNUSED_VARIABLE = YES;
				IPHONEOS_DEPLOYMENT_TARGET = 15.4;
				MTL_ENABLE_DEBUG_INFO = INCLUDE_SOURCE;
				MTL_FAST_MATH = YES;
				ONLY_ACTIVE_ARCH = YES;
				SDKROOT = iphoneos;
				SWIFT_ACTIVE_COMPILATION_CONDITIONS = DEBUG;
				SWIFT_OPTIMIZATION_LEVEL = "-Onone";
			};
			name = Debug;
		};
		D0C4F9602847961300B48C5C /* Release */ = {
			isa = XCBuildConfiguration;
			buildSettings = {
				ALWAYS_SEARCH_USER_PATHS = NO;
				CLANG_ANALYZER_NONNULL = YES;
				CLANG_ANALYZER_NUMBER_OBJECT_CONVERSION = YES_AGGRESSIVE;
				CLANG_CXX_LANGUAGE_STANDARD = "gnu++17";
				CLANG_ENABLE_MODULES = YES;
				CLANG_ENABLE_OBJC_ARC = YES;
				CLANG_ENABLE_OBJC_WEAK = YES;
				CLANG_WARN_BLOCK_CAPTURE_AUTORELEASING = YES;
				CLANG_WARN_BOOL_CONVERSION = YES;
				CLANG_WARN_COMMA = YES;
				CLANG_WARN_CONSTANT_CONVERSION = YES;
				CLANG_WARN_DEPRECATED_OBJC_IMPLEMENTATIONS = YES;
				CLANG_WARN_DIRECT_OBJC_ISA_USAGE = YES_ERROR;
				CLANG_WARN_DOCUMENTATION_COMMENTS = YES;
				CLANG_WARN_EMPTY_BODY = YES;
				CLANG_WARN_ENUM_CONVERSION = YES;
				CLANG_WARN_INFINITE_RECURSION = YES;
				CLANG_WARN_INT_CONVERSION = YES;
				CLANG_WARN_NON_LITERAL_NULL_CONVERSION = YES;
				CLANG_WARN_OBJC_IMPLICIT_RETAIN_SELF = YES;
				CLANG_WARN_OBJC_LITERAL_CONVERSION = YES;
				CLANG_WARN_OBJC_ROOT_CLASS = YES_ERROR;
				CLANG_WARN_QUOTED_INCLUDE_IN_FRAMEWORK_HEADER = YES;
				CLANG_WARN_RANGE_LOOP_ANALYSIS = YES;
				CLANG_WARN_STRICT_PROTOTYPES = YES;
				CLANG_WARN_SUSPICIOUS_MOVE = YES;
				CLANG_WARN_UNGUARDED_AVAILABILITY = YES_AGGRESSIVE;
				CLANG_WARN_UNREACHABLE_CODE = YES;
				CLANG_WARN__DUPLICATE_METHOD_MATCH = YES;
				COPY_PHASE_STRIP = NO;
				DEBUG_INFORMATION_FORMAT = "dwarf-with-dsym";
				ENABLE_NS_ASSERTIONS = NO;
				ENABLE_STRICT_OBJC_MSGSEND = YES;
				GCC_C_LANGUAGE_STANDARD = gnu11;
				GCC_NO_COMMON_BLOCKS = YES;
				GCC_WARN_64_TO_32_BIT_CONVERSION = YES;
				GCC_WARN_ABOUT_RETURN_TYPE = YES_ERROR;
				GCC_WARN_UNDECLARED_SELECTOR = YES;
				GCC_WARN_UNINITIALIZED_AUTOS = YES_AGGRESSIVE;
				GCC_WARN_UNUSED_FUNCTION = YES;
				GCC_WARN_UNUSED_VARIABLE = YES;
				IPHONEOS_DEPLOYMENT_TARGET = 15.4;
				MTL_ENABLE_DEBUG_INFO = NO;
				MTL_FAST_MATH = YES;
				SDKROOT = iphoneos;
				SWIFT_COMPILATION_MODE = wholemodule;
				SWIFT_OPTIMIZATION_LEVEL = "-O";
				VALIDATE_PRODUCT = YES;
			};
			name = Release;
		};
		D0C4F9622847961300B48C5C /* Debug */ = {
			isa = XCBuildConfiguration;
			buildSettings = {
				ASSETCATALOG_COMPILER_APPICON_NAME = AppIcon;
				ASSETCATALOG_COMPILER_GLOBAL_ACCENT_COLOR_NAME = AccentColor;
				CODE_SIGN_STYLE = Automatic;
				CURRENT_PROJECT_VERSION = 1;
				DEVELOPMENT_ASSET_PATHS = "\"todolist/Preview Content\"";
				DEVELOPMENT_TEAM = 2VBR9DN2Q2;
				ENABLE_PREVIEWS = YES;
				GENERATE_INFOPLIST_FILE = YES;
				INFOPLIST_KEY_UIApplicationSceneManifest_Generation = YES;
				INFOPLIST_KEY_UIApplicationSupportsIndirectInputEvents = YES;
				INFOPLIST_KEY_UILaunchScreen_Generation = YES;
				INFOPLIST_KEY_UISupportedInterfaceOrientations_iPad = "UIInterfaceOrientationPortrait UIInterfaceOrientationPortraitUpsideDown UIInterfaceOrientationLandscapeLeft UIInterfaceOrientationLandscapeRight";
				INFOPLIST_KEY_UISupportedInterfaceOrientations_iPhone = "UIInterfaceOrientationPortrait UIInterfaceOrientationLandscapeLeft UIInterfaceOrientationLandscapeRight";
				LD_RUNPATH_SEARCH_PATHS = (
					"$(inherited)",
					"@executable_path/Frameworks",
				);
				MARKETING_VERSION = 1.0;
				PRODUCT_BUNDLE_IDENTIFIER = xyz.xylv.todolist;
				PRODUCT_NAME = "$(TARGET_NAME)";
				SWIFT_EMIT_LOC_STRINGS = YES;
				SWIFT_VERSION = 5.0;
				TARGETED_DEVICE_FAMILY = "1,2";
			};
			name = Debug;
		};
		D0C4F9632847961300B48C5C /* Release */ = {
			isa = XCBuildConfiguration;
			buildSettings = {
				ASSETCATALOG_COMPILER_APPICON_NAME = AppIcon;
				ASSETCATALOG_COMPILER_GLOBAL_ACCENT_COLOR_NAME = AccentColor;
				CODE_SIGN_STYLE = Automatic;
				CURRENT_PROJECT_VERSION = 1;
				DEVELOPMENT_ASSET_PATHS = "\"todolist/Preview Content\"";
				DEVELOPMENT_TEAM = 2VBR9DN2Q2;
				ENABLE_PREVIEWS = YES;
				GENERATE_INFOPLIST_FILE = YES;
				INFOPLIST_KEY_UIApplicationSceneManifest_Generation = YES;
				INFOPLIST_KEY_UIApplicationSupportsIndirectInputEvents = YES;
				INFOPLIST_KEY_UILaunchScreen_Generation = YES;
				INFOPLIST_KEY_UISupportedInterfaceOrientations_iPad = "UIInterfaceOrientationPortrait UIInterfaceOrientationPortraitUpsideDown UIInterfaceOrientationLandscapeLeft UIInterfaceOrientationLandscapeRight";
				INFOPLIST_KEY_UISupportedInterfaceOrientations_iPhone = "UIInterfaceOrientationPortrait UIInterfaceOrientationLandscapeLeft UIInterfaceOrientationLandscapeRight";
				LD_RUNPATH_SEARCH_PATHS = (
					"$(inherited)",
					"@executable_path/Frameworks",
				);
				MARKETING_VERSION = 1.0;
				PRODUCT_BUNDLE_IDENTIFIER = xyz.xylv.todolist;
				PRODUCT_NAME = "$(TARGET_NAME)";
				SWIFT_EMIT_LOC_STRINGS = YES;
				SWIFT_VERSION = 5.0;
				TARGETED_DEVICE_FAMILY = "1,2";
			};
			name = Release;
		};
/* End XCBuildConfiguration section */

/* Begin XCConfigurationList section */
		D0C4F94E2847960F00B48C5C /* Build configuration list for PBXProject "todolist" */ = {
			isa = XCConfigurationList;
			buildConfigurations = (
				D0C4F95F2847961300B48C5C /* Debug */,
				D0C4F9602847961300B48C5C /* Release */,
			);
			defaultConfigurationIsVisible = 0;
			defaultConfigurationName = Release;
		};
		D0C4F9612847961300B48C5C /* Build configuration list for PBXNativeTarget "todolist" */ = {
			isa = XCConfigurationList;
			buildConfigurations = (
				D0C4F9622847961300B48C5C /* Debug */,
				D0C4F9632847961300B48C5C /* Release */,
			);
			defaultConfigurationIsVisible = 0;
			defaultConfigurationName = Release;
		};
/* End XCConfigurationList section */

/* Begin XCRemoteSwiftPackageReference section */
		D0C4F96D2847D0AE00B48C5C /* XCRemoteSwiftPackageReference "realm-swift" */ = {
			isa = XCRemoteSwiftPackageReference;
			repositoryURL = "https://github.com/realm/realm-swift";
			requirement = {
				kind = upToNextMajorVersion;
				minimumVersion = 10.27.0;
			};
		};
/* End XCRemoteSwiftPackageReference section */

/* Begin XCSwiftPackageProductDependency section */
		D0C4F96E2847D0AE00B48C5C /* Realm */ = {
			isa = XCSwiftPackageProductDependency;
			package = D0C4F96D2847D0AE00B48C5C /* XCRemoteSwiftPackageReference "realm-swift" */;
			productName = Realm;
		};
		D0C4F9702847D0AE00B48C5C /* RealmSwift */ = {
			isa = XCSwiftPackageProductDependency;
			package = D0C4F96D2847D0AE00B48C5C /* XCRemoteSwiftPackageReference "realm-swift" */;
			productName = RealmSwift;
		};
/* End XCSwiftPackageProductDependency section */
	};
	rootObject = D0C4F94B2847960F00B48C5C /* Project object */;
}
